
Microsoft Visual Studio Solution File, Format Version 12.00
# Visual Studio 15
VisualStudioVersion = 15.0.26730.16
MinimumVisualStudioVersion = 10.0.40219.1
Project("{E24C65DC-7377-472B-9ABA-BC803B73C61A}") = "Double Pendulum", "Double Pendulum\", "{67EE81AE-DAAF-4719-B84E-A38063F1ED1F}"
	ProjectSection(WebsiteProperties) = preProject
		TargetFrameworkMoniker = ".NETFramework,Version%3Dv4.6.1"
		Debug.AspNetCompiler.VirtualPath = "/localhost_50014"
		Debug.AspNetCompiler.PhysicalPath = "Double Pendulum\"
		Debug.AspNetCompiler.TargetPath = "PrecompiledWeb\localhost_50014\"
		Debug.AspNetCompiler.Updateable = "true"
		Debug.AspNetCompiler.ForceOverwrite = "true"
		Debug.AspNetCompiler.FixedNames = "false"
		Debug.AspNetCompiler.Debug = "True"
		Release.AspNetCompiler.VirtualPath = "/localhost_50014"
		Release.AspNetCompiler.PhysicalPath = "Double Pendulum\"
		Release.AspNetCompiler.TargetPath = "PrecompiledWeb\localhost_50014\"
		Release.AspNetCompiler.Updateable = "true"
		Release.AspNetCompiler.ForceOverwrite = "true"
		Release.AspNetCompiler.FixedNames = "false"
		Release.AspNetCompiler.Debug = "False"
		VWDPort = "50014"
	EndProjectSection
EndProject
Global
	GlobalSection(SolutionConfigurationPlatforms) = preSolution
		Debug|Any CPU = Debug|Any CPU
	EndGlobalSection
	GlobalSection(ProjectConfigurationPlatforms) = postSolution
		{67EE81AE-DAAF-4719-B84E-A38063F1ED1F}.Debug|Any CPU.ActiveCfg = Debug|Any CPU
		{67EE81AE-DAAF-4719-B84E-A38063F1ED1F}.Debug|Any CPU.Build.0 = Debug|Any CPU
	EndGlobalSection
	GlobalSection(SolutionProperties) = preSolution
		HideSolutionNode = FALSE
	EndGlobalSection
	GlobalSection(ExtensibilityGlobals) = postSolution
		SolutionGuid = {B05C96C8-3E3F-43F7-8539-A9D4FCF1F535}
	EndGlobalSection
EndGlobal
