
Microsoft Visual Studio Solution File, Format Version 12.00
# Visual Studio 15
VisualStudioVersion = 15.0.26730.16
MinimumVisualStudioVersion = 10.0.40219.1
Project("{FAE04EC0-301F-11D3-BF4B-00C04F79EFBC}") = "DP1", "DP1\DP1.csproj", "{F9E12B27-E832-4A47-BB3C-6C13CBC7036D}"
EndProject
Global
	GlobalSection(SolutionConfigurationPlatforms) = preSolution
		Debug|Any CPU = Debug|Any CPU
		Release|Any CPU = Release|Any CPU
	EndGlobalSection
	GlobalSection(ProjectConfigurationPlatforms) = postSolution
		{F9E12B27-E832-4A47-BB3C-6C13CBC7036D}.Debug|Any CPU.ActiveCfg = Debug|Any CPU
		{F9E12B27-E832-4A47-BB3C-6C13CBC7036D}.Debug|Any CPU.Build.0 = Debug|Any CPU
		{F9E12B27-E832-4A47-BB3C-6C13CBC7036D}.Release|Any CPU.ActiveCfg = Release|Any CPU
		{F9E12B27-E832-4A47-BB3C-6C13CBC7036D}.Release|Any CPU.Build.0 = Release|Any CPU
	EndGlobalSection
	GlobalSection(SolutionProperties) = preSolution
		HideSolutionNode = FALSE
	EndGlobalSection
	GlobalSection(ExtensibilityGlobals) = postSolution
		SolutionGuid = {B05C96C8-3E3F-43F7-8539-A9D4FCF1F535}
	EndGlobalSection
EndGlobal
